
Microsoft Visual Studio Solution File, Format Version 12.00
# Visual Studio Version 17
VisualStudioVersion = 17.9.34616.47
MinimumVisualStudioVersion = 10.0.40219.1
Project("{FAE04EC0-301F-11D3-BF4B-00C04F79EFBC}") = "book_manager", "book_manager\book_manager.csproj", "{46C18F48-DC1A-4B84-8AC7-1F735C965B68}"
EndProject
Global
	GlobalSection(SolutionConfigurationPlatforms) = preSolution
		Debug|Any CPU = Debug|Any CPU
		Release|Any CPU = Release|Any CPU
	EndGlobalSection
	GlobalSection(ProjectConfigurationPlatforms) = postSolution
		{46C18F48-DC1A-4B84-8AC7-1F735C965B68}.Debug|Any CPU.ActiveCfg = Debug|Any CPU
		{46C18F48-DC1A-4B84-8AC7-1F735C965B68}.Debug|Any CPU.Build.0 = Debug|Any CPU
		{46C18F48-DC1A-4B84-8AC7-1F735C965B68}.Release|Any CPU.ActiveCfg = Release|Any CPU
		{46C18F48-DC1A-4B84-8AC7-1F735C965B68}.Release|Any CPU.Build.0 = Release|Any CPU
	EndGlobalSection
	GlobalSection(SolutionProperties) = preSolution
		HideSolutionNode = FALSE
	EndGlobalSection
	GlobalSection(ExtensibilityGlobals) = postSolution
		SolutionGuid = {B258A81C-744D-4077-A2CC-B25A93AC379C}
	EndGlobalSection
EndGlobal
